
Microsoft Visual Studio Solution File, Format Version 12.00
# Visual Studio Version 16
VisualStudioVersion = 16.0.31624.102
MinimumVisualStudioVersion = 10.0.40219.1
Project("{FAE04EC0-301F-11D3-BF4B-00C04F79EFBC}") = "Пакмен", "Пакмен\Пакмен.csproj", "{C5E7C72D-2239-4A73-823B-F5219DEA3E94}"
EndProject
Global
	GlobalSection(SolutionConfigurationPlatforms) = preSolution
		Debug|Any CPU = Debug|Any CPU
		Release|Any CPU = Release|Any CPU
	EndGlobalSection
	GlobalSection(ProjectConfigurationPlatforms) = postSolution
		{C5E7C72D-2239-4A73-823B-F5219DEA3E94}.Debug|Any CPU.ActiveCfg = Debug|Any CPU
		{C5E7C72D-2239-4A73-823B-F5219DEA3E94}.Debug|Any CPU.Build.0 = Debug|Any CPU
		{C5E7C72D-2239-4A73-823B-F5219DEA3E94}.Release|Any CPU.ActiveCfg = Release|Any CPU
		{C5E7C72D-2239-4A73-823B-F5219DEA3E94}.Release|Any CPU.Build.0 = Release|Any CPU
	EndGlobalSection
	GlobalSection(SolutionProperties) = preSolution
		HideSolutionNode = FALSE
	EndGlobalSection
	GlobalSection(ExtensibilityGlobals) = postSolution
		SolutionGuid = {4F688C89-5D7D-4C01-9AF3-6F93A8F64C70}
	EndGlobalSection
EndGlobal
